// !$*UTF8*$!
{
	archiveVersion = 1;
	classes = {
	};
	objectVersion = 56;
	objects = {

/* Begin PBXBuildFile section */
		F21152D42A88BC8700FC1EB3 /* HomeViewModel.swift in Sources */ = {isa = PBXBuildFile; fileRef = F21152D32A88BC8700FC1EB3 /* HomeViewModel.swift */; };
		F21152D62A88BCA200FC1EB3 /* DetailViewModel.swift in Sources */ = {isa = PBXBuildFile; fileRef = F21152D52A88BCA200FC1EB3 /* DetailViewModel.swift */; };
		F21152D82A88BCBA00FC1EB3 /* SaveViewModel.swift in Sources */ = {isa = PBXBuildFile; fileRef = F21152D72A88BCBA00FC1EB3 /* SaveViewModel.swift */; };
		F21152DB2A88BCD000FC1EB3 /* RxSwift in Frameworks */ = {isa = PBXBuildFile; productRef = F21152DA2A88BCD000FC1EB3 /* RxSwift */; };
		F21152DE2A88BD3900FC1EB3 /* TodoDaoRepo.swift in Sources */ = {isa = PBXBuildFile; fileRef = F21152DD2A88BD3900FC1EB3 /* TodoDaoRepo.swift */; };
		F21612822A7906EA00174F27 /* AppDelegate.swift in Sources */ = {isa = PBXBuildFile; fileRef = F21612812A7906EA00174F27 /* AppDelegate.swift */; };
		F21612842A7906EA00174F27 /* SceneDelegate.swift in Sources */ = {isa = PBXBuildFile; fileRef = F21612832A7906EA00174F27 /* SceneDelegate.swift */; };
		F21612892A7906EA00174F27 /* Main.storyboard in Resources */ = {isa = PBXBuildFile; fileRef = F21612872A7906EA00174F27 /* Main.storyboard */; };
		F216128B2A7906EB00174F27 /* Assets.xcassets in Resources */ = {isa = PBXBuildFile; fileRef = F216128A2A7906EB00174F27 /* Assets.xcassets */; };
		F216128E2A7906EB00174F27 /* LaunchScreen.storyboard in Resources */ = {isa = PBXBuildFile; fileRef = F216128C2A7906EB00174F27 /* LaunchScreen.storyboard */; };
		F216129A2A79077C00174F27 /* HomeViewController.swift in Sources */ = {isa = PBXBuildFile; fileRef = F21612992A79077C00174F27 /* HomeViewController.swift */; };
		F216129C2A7907BB00174F27 /* DetailViewController.swift in Sources */ = {isa = PBXBuildFile; fileRef = F216129B2A7907BB00174F27 /* DetailViewController.swift */; };
		F216129F2A7907F800174F27 /* SaveViewController.swift in Sources */ = {isa = PBXBuildFile; fileRef = F216129E2A7907F800174F27 /* SaveViewController.swift */; };
		F21C38532A7996AB002FF69E /* Todo.swift in Sources */ = {isa = PBXBuildFile; fileRef = F21C38522A7996AB002FF69E /* Todo.swift */; };
		F2AC17132A7E87610090EAA1 /* ToDoTableViewCell.swift in Sources */ = {isa = PBXBuildFile; fileRef = F2AC17122A7E87610090EAA1 /* ToDoTableViewCell.swift */; };
/* End PBXBuildFile section */

/* Begin PBXFileReference section */
		F21152D32A88BC8700FC1EB3 /* HomeViewModel.swift */ = {isa = PBXFileReference; lastKnownFileType = sourcecode.swift; path = HomeViewModel.swift; sourceTree = "<group>"; };
		F21152D52A88BCA200FC1EB3 /* DetailViewModel.swift */ = {isa = PBXFileReference; lastKnownFileType = sourcecode.swift; path = DetailViewModel.swift; sourceTree = "<group>"; };
		F21152D72A88BCBA00FC1EB3 /* SaveViewModel.swift */ = {isa = PBXFileReference; lastKnownFileType = sourcecode.swift; path = SaveViewModel.swift; sourceTree = "<group>"; };
		F21152DD2A88BD3900FC1EB3 /* TodoDaoRepo.swift */ = {isa = PBXFileReference; lastKnownFileType = sourcecode.swift; path = TodoDaoRepo.swift; sourceTree = "<group>"; };
		F216127E2A7906EA00174F27 /* ToDo.app */ = {isa = PBXFileReference; explicitFileType = wrapper.application; includeInIndex = 0; path = ToDo.app; sourceTree = BUILT_PRODUCTS_DIR; };
		F21612812A7906EA00174F27 /* AppDelegate.swift */ = {isa = PBXFileReference; lastKnownFileType = sourcecode.swift; path = AppDelegate.swift; sourceTree = "<group>"; };
		F21612832A7906EA00174F27 /* SceneDelegate.swift */ = {isa = PBXFileReference; lastKnownFileType = sourcecode.swift; path = SceneDelegate.swift; sourceTree = "<group>"; };
		F21612882A7906EA00174F27 /* Base */ = {isa = PBXFileReference; lastKnownFileType = file.storyboard; name = Base; path = Base.lproj/Main.storyboard; sourceTree = "<group>"; };
		F216128A2A7906EB00174F27 /* Assets.xcassets */ = {isa = PBXFileReference; lastKnownFileType = folder.assetcatalog; path = Assets.xcassets; sourceTree = "<group>"; };
		F216128D2A7906EB00174F27 /* Base */ = {isa = PBXFileReference; lastKnownFileType = file.storyboard; name = Base; path = Base.lproj/LaunchScreen.storyboard; sourceTree = "<group>"; };
		F216128F2A7906EB00174F27 /* Info.plist */ = {isa = PBXFileReference; lastKnownFileType = text.plist.xml; path = Info.plist; sourceTree = "<group>"; };
		F21612992A79077C00174F27 /* HomeViewController.swift */ = {isa = PBXFileReference; lastKnownFileType = sourcecode.swift; path = HomeViewController.swift; sourceTree = "<group>"; };
		F216129B2A7907BB00174F27 /* DetailViewController.swift */ = {isa = PBXFileReference; lastKnownFileType = sourcecode.swift; path = DetailViewController.swift; sourceTree = "<group>"; };
		F216129E2A7907F800174F27 /* SaveViewController.swift */ = {isa = PBXFileReference; lastKnownFileType = sourcecode.swift; path = SaveViewController.swift; sourceTree = "<group>"; };
		F21C38522A7996AB002FF69E /* Todo.swift */ = {isa = PBXFileReference; lastKnownFileType = sourcecode.swift; path = Todo.swift; sourceTree = "<group>"; };
		F2AC17122A7E87610090EAA1 /* ToDoTableViewCell.swift */ = {isa = PBXFileReference; lastKnownFileType = sourcecode.swift; path = ToDoTableViewCell.swift; sourceTree = "<group>"; };
/* End PBXFileReference section */

/* Begin PBXFrameworksBuildPhase section */
		F216127B2A7906EA00174F27 /* Frameworks */ = {
			isa = PBXFrameworksBuildPhase;
			buildActionMask = 2147483647;
			files = (
				F21152DB2A88BCD000FC1EB3 /* RxSwift in Frameworks */,
			);
			runOnlyForDeploymentPostprocessing = 0;
		};
/* End PBXFrameworksBuildPhase section */

/* Begin PBXGroup section */
		F21152D22A88BC6D00FC1EB3 /* model */ = {
			isa = PBXGroup;
			children = (
				F21152D32A88BC8700FC1EB3 /* HomeViewModel.swift */,
				F21152D52A88BCA200FC1EB3 /* DetailViewModel.swift */,
				F21152D72A88BCBA00FC1EB3 /* SaveViewModel.swift */,
			);
			path = model;
			sourceTree = "<group>";
		};
		F21152DC2A88BD1F00FC1EB3 /* repo */ = {
			isa = PBXGroup;
			children = (
				F21152DD2A88BD3900FC1EB3 /* TodoDaoRepo.swift */,
			);
			path = repo;
			sourceTree = "<group>";
		};
		F21612752A7906EA00174F27 = {
			isa = PBXGroup;
			children = (
				F21612802A7906EA00174F27 /* ToDo */,
				F216127F2A7906EA00174F27 /* Products */,
			);
			sourceTree = "<group>";
		};
		F216127F2A7906EA00174F27 /* Products */ = {
			isa = PBXGroup;
			children = (
				F216127E2A7906EA00174F27 /* ToDo.app */,
			);
			name = Products;
			sourceTree = "<group>";
		};
		F21612802A7906EA00174F27 /* ToDo */ = {
			isa = PBXGroup;
			children = (
				F21612972A79074E00174F27 /* data */,
				F21612952A79074200174F27 /* ui */,
				F21612812A7906EA00174F27 /* AppDelegate.swift */,
				F21612832A7906EA00174F27 /* SceneDelegate.swift */,
				F21612872A7906EA00174F27 /* Main.storyboard */,
				F216128A2A7906EB00174F27 /* Assets.xcassets */,
				F216128C2A7906EB00174F27 /* LaunchScreen.storyboard */,
				F216128F2A7906EB00174F27 /* Info.plist */,
			);
			path = ToDo;
			sourceTree = "<group>";
		};
		F21612952A79074200174F27 /* ui */ = {
			isa = PBXGroup;
			children = (
				F21152D22A88BC6D00FC1EB3 /* model */,
				F2AC17112A7E87370090EAA1 /* tableview */,
				F21612962A79074800174F27 /* views */,
			);
			path = ui;
			sourceTree = "<group>";
		};
		F21612962A79074800174F27 /* views */ = {
			isa = PBXGroup;
			children = (
				F21612992A79077C00174F27 /* HomeViewController.swift */,
				F216129B2A7907BB00174F27 /* DetailViewController.swift */,
				F216129E2A7907F800174F27 /* SaveViewController.swift */,
			);
			path = views;
			sourceTree = "<group>";
		};
		F21612972A79074E00174F27 /* data */ = {
			isa = PBXGroup;
			children = (
				F21152DC2A88BD1F00FC1EB3 /* repo */,
				F21612982A79075A00174F27 /* entitiy */,
			);
			path = data;
			sourceTree = "<group>";
		};
		F21612982A79075A00174F27 /* entitiy */ = {
			isa = PBXGroup;
			children = (
				F21C38522A7996AB002FF69E /* Todo.swift */,
			);
			path = entitiy;
			sourceTree = "<group>";
		};
		F2AC17112A7E87370090EAA1 /* tableview */ = {
			isa = PBXGroup;
			children = (
				F2AC17122A7E87610090EAA1 /* ToDoTableViewCell.swift */,
			);
			path = tableview;
			sourceTree = "<group>";
		};
/* End PBXGroup section */

/* Begin PBXNativeTarget section */
		F216127D2A7906EA00174F27 /* ToDo */ = {
			isa = PBXNativeTarget;
			buildConfigurationList = F21612922A7906EB00174F27 /* Build configuration list for PBXNativeTarget "ToDo" */;
			buildPhases = (
				F216127A2A7906EA00174F27 /* Sources */,
				F216127B2A7906EA00174F27 /* Frameworks */,
				F216127C2A7906EA00174F27 /* Resources */,
			);
			buildRules = (
			);
			dependencies = (
			);
			name = ToDo;
			packageProductDependencies = (
				F21152DA2A88BCD000FC1EB3 /* RxSwift */,
			);
			productName = ToDo;
			productReference = F216127E2A7906EA00174F27 /* ToDo.app */;
			productType = "com.apple.product-type.application";
		};
/* End PBXNativeTarget section */

/* Begin PBXProject section */
		F21612762A7906EA00174F27 /* Project object */ = {
			isa = PBXProject;
			attributes = {
				BuildIndependentTargetsInParallel = 1;
				LastSwiftUpdateCheck = 1430;
				LastUpgradeCheck = 1430;
				TargetAttributes = {
					F216127D2A7906EA00174F27 = {
						CreatedOnToolsVersion = 14.3.1;
					};
				};
			};
			buildConfigurationList = F21612792A7906EA00174F27 /* Build configuration list for PBXProject "ToDo" */;
			compatibilityVersion = "Xcode 14.0";
			developmentRegion = en;
			hasScannedForEncodings = 0;
			knownRegions = (
				en,
				Base,
			);
			mainGroup = F21612752A7906EA00174F27;
			packageReferences = (
				F21152D92A88BCD000FC1EB3 /* XCRemoteSwiftPackageReference "RxSwift" */,
			);
			productRefGroup = F216127F2A7906EA00174F27 /* Products */;
			projectDirPath = "";
			projectRoot = "";
			targets = (
				F216127D2A7906EA00174F27 /* ToDo */,
			);
		};
/* End PBXProject section */

/* Begin PBXResourcesBuildPhase section */
		F216127C2A7906EA00174F27 /* Resources */ = {
			isa = PBXResourcesBuildPhase;
			buildActionMask = 2147483647;
			files = (
				F216128E2A7906EB00174F27 /* LaunchScreen.storyboard in Resources */,
				F216128B2A7906EB00174F27 /* Assets.xcassets in Resources */,
				F21612892A7906EA00174F27 /* Main.storyboard in Resources */,
			);
			runOnlyForDeploymentPostprocessing = 0;
		};
/* End PBXResourcesBuildPhase section */

/* Begin PBXSourcesBuildPhase section */
		F216127A2A7906EA00174F27 /* Sources */ = {
			isa = PBXSourcesBuildPhase;
			buildActionMask = 2147483647;
			files = (
				F2AC17132A7E87610090EAA1 /* ToDoTableViewCell.swift in Sources */,
				F216129F2A7907F800174F27 /* SaveViewController.swift in Sources */,
				F21612822A7906EA00174F27 /* AppDelegate.swift in Sources */,
				F21152D42A88BC8700FC1EB3 /* HomeViewModel.swift in Sources */,
				F21152D62A88BCA200FC1EB3 /* DetailViewModel.swift in Sources */,
				F21152DE2A88BD3900FC1EB3 /* TodoDaoRepo.swift in Sources */,
				F216129C2A7907BB00174F27 /* DetailViewController.swift in Sources */,
				F21612842A7906EA00174F27 /* SceneDelegate.swift in Sources */,
				F21152D82A88BCBA00FC1EB3 /* SaveViewModel.swift in Sources */,
				F216129A2A79077C00174F27 /* HomeViewController.swift in Sources */,
				F21C38532A7996AB002FF69E /* Todo.swift in Sources */,
			);
			runOnlyForDeploymentPostprocessing = 0;
		};
/* End PBXSourcesBuildPhase section */

/* Begin PBXVariantGroup section */
		F21612872A7906EA00174F27 /* Main.storyboard */ = {
			isa = PBXVariantGroup;
			children = (
				F21612882A7906EA00174F27 /* Base */,
			);
			name = Main.storyboard;
			sourceTree = "<group>";
		};
		F216128C2A7906EB00174F27 /* LaunchScreen.storyboard */ = {
			isa = PBXVariantGroup;
			children = (
				F216128D2A7906EB00174F27 /* Base */,
			);
			name = LaunchScreen.storyboard;
			sourceTree = "<group>";
		};
/* End PBXVariantGroup section */

/* Begin XCBuildConfiguration section */
		F21612902A7906EB00174F27 /* Debug */ = {
			isa = XCBuildConfiguration;
			buildSettings = {
				ALWAYS_SEARCH_USER_PATHS = NO;
				CLANG_ANALYZER_NONNULL = YES;
				CLANG_ANALYZER_NUMBER_OBJECT_CONVERSION = YES_AGGRESSIVE;
				CLANG_CXX_LANGUAGE_STANDARD = "gnu++20";
				CLANG_ENABLE_MODULES = YES;
				CLANG_ENABLE_OBJC_ARC = YES;
				CLANG_ENABLE_OBJC_WEAK = YES;
				CLANG_WARN_BLOCK_CAPTURE_AUTORELEASING = YES;
				CLANG_WARN_BOOL_CONVERSION = YES;
				CLANG_WARN_COMMA = YES;
				CLANG_WARN_CONSTANT_CONVERSION = YES;
				CLANG_WARN_DEPRECATED_OBJC_IMPLEMENTATIONS = YES;
				CLANG_WARN_DIRECT_OBJC_ISA_USAGE = YES_ERROR;
				CLANG_WARN_DOCUMENTATION_COMMENTS = YES;
				CLANG_WARN_EMPTY_BODY = YES;
				CLANG_WARN_ENUM_CONVERSION = YES;
				CLANG_WARN_INFINITE_RECURSION = YES;
				CLANG_WARN_INT_CONVERSION = YES;
				CLANG_WARN_NON_LITERAL_NULL_CONVERSION = YES;
				CLANG_WARN_OBJC_IMPLICIT_RETAIN_SELF = YES;
				CLANG_WARN_OBJC_LITERAL_CONVERSION = YES;
				CLANG_WARN_OBJC_ROOT_CLASS = YES_ERROR;
				CLANG_WARN_QUOTED_INCLUDE_IN_FRAMEWORK_HEADER = YES;
				CLANG_WARN_RANGE_LOOP_ANALYSIS = YES;
				CLANG_WARN_STRICT_PROTOTYPES = YES;
				CLANG_WARN_SUSPICIOUS_MOVE = YES;
				CLANG_WARN_UNGUARDED_AVAILABILITY = YES_AGGRESSIVE;
				CLANG_WARN_UNREACHABLE_CODE = YES;
				CLANG_WARN__DUPLICATE_METHOD_MATCH = YES;
				COPY_PHASE_STRIP = NO;
				DEBUG_INFORMATION_FORMAT = dwarf;
				ENABLE_STRICT_OBJC_MSGSEND = YES;
				ENABLE_TESTABILITY = YES;
				GCC_C_LANGUAGE_STANDARD = gnu11;
				GCC_DYNAMIC_NO_PIC = NO;
				GCC_NO_COMMON_BLOCKS = YES;
				GCC_OPTIMIZATION_LEVEL = 0;
				GCC_PREPROCESSOR_DEFINITIONS = (
					"DEBUG=1",
					"$(inherited)",
				);
				GCC_WARN_64_TO_32_BIT_CONVERSION = YES;
				GCC_WARN_ABOUT_RETURN_TYPE = YES_ERROR;
				GCC_WARN_UNDECLARED_SELECTOR = YES;
				GCC_WARN_UNINITIALIZED_AUTOS = YES_AGGRESSIVE;
				GCC_WARN_UNUSED_FUNCTION = YES;
				GCC_WARN_UNUSED_VARIABLE = YES;
				IPHONEOS_DEPLOYMENT_TARGET = 16.4;
				MTL_ENABLE_DEBUG_INFO = INCLUDE_SOURCE;
				MTL_FAST_MATH = YES;
				ONLY_ACTIVE_ARCH = YES;
				SDKROOT = iphoneos;
				SWIFT_ACTIVE_COMPILATION_CONDITIONS = DEBUG;
				SWIFT_OPTIMIZATION_LEVEL = "-Onone";
			};
			name = Debug;
		};
		F21612912A7906EB00174F27 /* Release */ = {
			isa = XCBuildConfiguration;
			buildSettings = {
				ALWAYS_SEARCH_USER_PATHS = NO;
				CLANG_ANALYZER_NONNULL = YES;
				CLANG_ANALYZER_NUMBER_OBJECT_CONVERSION = YES_AGGRESSIVE;
				CLANG_CXX_LANGUAGE_STANDARD = "gnu++20";
				CLANG_ENABLE_MODULES = YES;
				CLANG_ENABLE_OBJC_ARC = YES;
				CLANG_ENABLE_OBJC_WEAK = YES;
				CLANG_WARN_BLOCK_CAPTURE_AUTORELEASING = YES;
				CLANG_WARN_BOOL_CONVERSION = YES;
				CLANG_WARN_COMMA = YES;
				CLANG_WARN_CONSTANT_CONVERSION = YES;
				CLANG_WARN_DEPRECATED_OBJC_IMPLEMENTATIONS = YES;
				CLANG_WARN_DIRECT_OBJC_ISA_USAGE = YES_ERROR;
				CLANG_WARN_DOCUMENTATION_COMMENTS = YES;
				CLANG_WARN_EMPTY_BODY = YES;
				CLANG_WARN_ENUM_CONVERSION = YES;
				CLANG_WARN_INFINITE_RECURSION = YES;
				CLANG_WARN_INT_CONVERSION = YES;
				CLANG_WARN_NON_LITERAL_NULL_CONVERSION = YES;
				CLANG_WARN_OBJC_IMPLICIT_RETAIN_SELF = YES;
				CLANG_WARN_OBJC_LITERAL_CONVERSION = YES;
				CLANG_WARN_OBJC_ROOT_CLASS = YES_ERROR;
				CLANG_WARN_QUOTED_INCLUDE_IN_FRAMEWORK_HEADER = YES;
				CLANG_WARN_RANGE_LOOP_ANALYSIS = YES;
				CLANG_WARN_STRICT_PROTOTYPES = YES;
				CLANG_WARN_SUSPICIOUS_MOVE = YES;
				CLANG_WARN_UNGUARDED_AVAILABILITY = YES_AGGRESSIVE;
				CLANG_WARN_UNREACHABLE_CODE = YES;
				CLANG_WARN__DUPLICATE_METHOD_MATCH = YES;
				COPY_PHASE_STRIP = NO;
				DEBUG_INFORMATION_FORMAT = "dwarf-with-dsym";
				ENABLE_NS_ASSERTIONS = NO;
				ENABLE_STRICT_OBJC_MSGSEND = YES;
				GCC_C_LANGUAGE_STANDARD = gnu11;
				GCC_NO_COMMON_BLOCKS = YES;
				GCC_WARN_64_TO_32_BIT_CONVERSION = YES;
				GCC_WARN_ABOUT_RETURN_TYPE = YES_ERROR;
				GCC_WARN_UNDECLARED_SELECTOR = YES;
				GCC_WARN_UNINITIALIZED_AUTOS = YES_AGGRESSIVE;
				GCC_WARN_UNUSED_FUNCTION = YES;
				GCC_WARN_UNUSED_VARIABLE = YES;
				IPHONEOS_DEPLOYMENT_TARGET = 16.4;
				MTL_ENABLE_DEBUG_INFO = NO;
				MTL_FAST_MATH = YES;
				SDKROOT = iphoneos;
				SWIFT_COMPILATION_MODE = wholemodule;
				SWIFT_OPTIMIZATION_LEVEL = "-O";
				VALIDATE_PRODUCT = YES;
			};
			name = Release;
		};
		F21612932A7906EB00174F27 /* Debug */ = {
			isa = XCBuildConfiguration;
			buildSettings = {
				ASSETCATALOG_COMPILER_APPICON_NAME = AppIcon;
				ASSETCATALOG_COMPILER_GLOBAL_ACCENT_COLOR_NAME = AccentColor;
				CODE_SIGN_STYLE = Automatic;
				CURRENT_PROJECT_VERSION = 1;
				DEVELOPMENT_TEAM = G9HT48F9AL;
				GENERATE_INFOPLIST_FILE = YES;
				INFOPLIST_FILE = ToDo/Info.plist;
				INFOPLIST_KEY_UIApplicationSupportsIndirectInputEvents = YES;
				INFOPLIST_KEY_UILaunchStoryboardName = LaunchScreen;
				INFOPLIST_KEY_UIMainStoryboardFile = Main;
				INFOPLIST_KEY_UISupportedInterfaceOrientations_iPad = "UIInterfaceOrientationPortrait UIInterfaceOrientationPortraitUpsideDown UIInterfaceOrientationLandscapeLeft UIInterfaceOrientationLandscapeRight";
				INFOPLIST_KEY_UISupportedInterfaceOrientations_iPhone = "UIInterfaceOrientationPortrait UIInterfaceOrientationLandscapeLeft UIInterfaceOrientationLandscapeRight";
				LD_RUNPATH_SEARCH_PATHS = (
					"$(inherited)",
					"@executable_path/Frameworks",
				);
				MARKETING_VERSION = 1.0;
				PRODUCT_BUNDLE_IDENTIFIER = maazez.ToDo;
				PRODUCT_NAME = "$(TARGET_NAME)";
				SWIFT_EMIT_LOC_STRINGS = YES;
				SWIFT_VERSION = 5.0;
				TARGETED_DEVICE_FAMILY = "1,2";
			};
			name = Debug;
		};
		F21612942A7906EB00174F27 /* Release */ = {
			isa = XCBuildConfiguration;
			buildSettings = {
				ASSETCATALOG_COMPILER_APPICON_NAME = AppIcon;
				ASSETCATALOG_COMPILER_GLOBAL_ACCENT_COLOR_NAME = AccentColor;
				CODE_SIGN_STYLE = Automatic;
				CURRENT_PROJECT_VERSION = 1;
				DEVELOPMENT_TEAM = G9HT48F9AL;
				GENERATE_INFOPLIST_FILE = YES;
				INFOPLIST_FILE = ToDo/Info.plist;
				INFOPLIST_KEY_UIApplicationSupportsIndirectInputEvents = YES;
				INFOPLIST_KEY_UILaunchStoryboardName = LaunchScreen;
				INFOPLIST_KEY_UIMainStoryboardFile = Main;
				INFOPLIST_KEY_UISupportedInterfaceOrientations_iPad = "UIInterfaceOrientationPortrait UIInterfaceOrientationPortraitUpsideDown UIInterfaceOrientationLandscapeLeft UIInterfaceOrientationLandscapeRight";
				INFOPLIST_KEY_UISupportedInterfaceOrientations_iPhone = "UIInterfaceOrientationPortrait UIInterfaceOrientationLandscapeLeft UIInterfaceOrientationLandscapeRight";
				LD_RUNPATH_SEARCH_PATHS = (
					"$(inherited)",
					"@executable_path/Frameworks",
				);
				MARKETING_VERSION = 1.0;
				PRODUCT_BUNDLE_IDENTIFIER = maazez.ToDo;
				PRODUCT_NAME = "$(TARGET_NAME)";
				SWIFT_EMIT_LOC_STRINGS = YES;
				SWIFT_VERSION = 5.0;
				TARGETED_DEVICE_FAMILY = "1,2";
			};
			name = Release;
		};
/* End XCBuildConfiguration section */

/* Begin XCConfigurationList section */
		F21612792A7906EA00174F27 /* Build configuration list for PBXProject "ToDo" */ = {
			isa = XCConfigurationList;
			buildConfigurations = (
				F21612902A7906EB00174F27 /* Debug */,
				F21612912A7906EB00174F27 /* Release */,
			);
			defaultConfigurationIsVisible = 0;
			defaultConfigurationName = Release;
		};
		F21612922A7906EB00174F27 /* Build configuration list for PBXNativeTarget "ToDo" */ = {
			isa = XCConfigurationList;
			buildConfigurations = (
				F21612932A7906EB00174F27 /* Debug */,
				F21612942A7906EB00174F27 /* Release */,
			);
			defaultConfigurationIsVisible = 0;
			defaultConfigurationName = Release;
		};
/* End XCConfigurationList section */

/* Begin XCRemoteSwiftPackageReference section */
		F21152D92A88BCD000FC1EB3 /* XCRemoteSwiftPackageReference "RxSwift" */ = {
			isa = XCRemoteSwiftPackageReference;
			repositoryURL = "https://github.com/ReactiveX/RxSwift";
			requirement = {
				kind = upToNextMajorVersion;
				minimumVersion = 6.0.0;
			};
		};
/* End XCRemoteSwiftPackageReference section */

/* Begin XCSwiftPackageProductDependency section */
		F21152DA2A88BCD000FC1EB3 /* RxSwift */ = {
			isa = XCSwiftPackageProductDependency;
			package = F21152D92A88BCD000FC1EB3 /* XCRemoteSwiftPackageReference "RxSwift" */;
			productName = RxSwift;
		};
/* End XCSwiftPackageProductDependency section */
	};
	rootObject = F21612762A7906EA00174F27 /* Project object */;
}
